
Microsoft Visual Studio Solution File, Format Version 12.00
# Visual Studio 14
VisualStudioVersion = 14.0.25123.0
MinimumVisualStudioVersion = 10.0.40219.1
Project("{E4DF73DE-8A76-4ACC-98CA-851CA8E40B19}") = "Sitecore.Support.194832", "Sitecore.Support.194832\Sitecore.Support.194832.csproj", "{71EBB8A3-25C7-42BA-AD57-EF76F4B2C645}"
EndProject
Global
	GlobalSection(SolutionConfigurationPlatforms) = preSolution
		Debug|Any CPU = Debug|Any CPU
		Release|Any CPU = Release|Any CPU
	EndGlobalSection
	GlobalSection(ProjectConfigurationPlatforms) = postSolution
		{71EBB8A3-25C7-42BA-AD57-EF76F4B2C645}.Debug|Any CPU.ActiveCfg = Debug|Any CPU
		{71EBB8A3-25C7-42BA-AD57-EF76F4B2C645}.Debug|Any CPU.Build.0 = Debug|Any CPU
		{71EBB8A3-25C7-42BA-AD57-EF76F4B2C645}.Release|Any CPU.ActiveCfg = Release|Any CPU
		{71EBB8A3-25C7-42BA-AD57-EF76F4B2C645}.Release|Any CPU.Build.0 = Release|Any CPU
	EndGlobalSection
	GlobalSection(SolutionProperties) = preSolution
		HideSolutionNode = FALSE
	EndGlobalSection
EndGlobal
